// !$*UTF8*$!
{
	archiveVersion = 1;
	classes = {
	};
	objectVersion = 55;
	objects = {

/* Begin PBXBuildFile section */
		021EA5322836026E002B2769 /* AppDelegate.swift in Sources */ = {isa = PBXBuildFile; fileRef = 021EA5312836026E002B2769 /* AppDelegate.swift */; };
		021EA5342836026E002B2769 /* SceneDelegate.swift in Sources */ = {isa = PBXBuildFile; fileRef = 021EA5332836026E002B2769 /* SceneDelegate.swift */; };
		021EA5362836026E002B2769 /* HomeViewController.swift in Sources */ = {isa = PBXBuildFile; fileRef = 021EA5352836026E002B2769 /* HomeViewController.swift */; };
		021EA5392836026E002B2769 /* Main.storyboard in Resources */ = {isa = PBXBuildFile; fileRef = 021EA5372836026E002B2769 /* Main.storyboard */; };
		021EA53B2836026F002B2769 /* Assets.xcassets in Resources */ = {isa = PBXBuildFile; fileRef = 021EA53A2836026F002B2769 /* Assets.xcassets */; };
		021EA53E2836026F002B2769 /* LaunchScreen.storyboard in Resources */ = {isa = PBXBuildFile; fileRef = 021EA53C2836026F002B2769 /* LaunchScreen.storyboard */; };
		021EA54D283618E9002B2769 /* CoreDataManager.swift in Sources */ = {isa = PBXBuildFile; fileRef = 021EA54C283618E9002B2769 /* CoreDataManager.swift */; };
		021EA54F28361DC3002B2769 /* FavouriteModel.swift in Sources */ = {isa = PBXBuildFile; fileRef = 021EA54E28361DC3002B2769 /* FavouriteModel.swift */; };
		021EA55128362711002B2769 /* GameResponse.swift in Sources */ = {isa = PBXBuildFile; fileRef = 021EA55028362711002B2769 /* GameResponse.swift */; };
		021EA55428362730002B2769 /* GameDataModel.xcdatamodeld in Sources */ = {isa = PBXBuildFile; fileRef = 021EA55228362730002B2769 /* GameDataModel.xcdatamodeld */; };
		021EA55728362785002B2769 /* ApiServices.swift in Sources */ = {isa = PBXBuildFile; fileRef = 021EA55628362785002B2769 /* ApiServices.swift */; };
		021EA55928362E99002B2769 /* FavouriteViewController.swift in Sources */ = {isa = PBXBuildFile; fileRef = 021EA55828362E99002B2769 /* FavouriteViewController.swift */; };
		021EA55B28362EA7002B2769 /* ProfileViewController.swift in Sources */ = {isa = PBXBuildFile; fileRef = 021EA55A28362EA7002B2769 /* ProfileViewController.swift */; };
		021EA55D28363E57002B2769 /* GameTableViewCell.swift in Sources */ = {isa = PBXBuildFile; fileRef = 021EA55C28363E57002B2769 /* GameTableViewCell.swift */; };
		022D5A6828422BBA002DE32B /* Genres.swift in Sources */ = {isa = PBXBuildFile; fileRef = 022D5A6728422BBA002DE32B /* Genres.swift */; };
		02333E112840DCF60078E473 /* ImageExtensions.swift in Sources */ = {isa = PBXBuildFile; fileRef = 02333E102840DCF60078E473 /* ImageExtensions.swift */; };
		029908E628573C9D00AB41E6 /* FavouriteTableViewCell.swift in Sources */ = {isa = PBXBuildFile; fileRef = 029908E528573C9D00AB41E6 /* FavouriteTableViewCell.swift */; };
		02F77CF82840A69B00F11F96 /* DetailGameViewController.swift in Sources */ = {isa = PBXBuildFile; fileRef = 02F77CF72840A69B00F11F96 /* DetailGameViewController.swift */; };
		02F77CFA2840AF0800F11F96 /* GameDetailModel.swift in Sources */ = {isa = PBXBuildFile; fileRef = 02F77CF92840AF0800F11F96 /* GameDetailModel.swift */; };
/* End PBXBuildFile section */

/* Begin PBXFileReference section */
		021EA52E2836026E002B2769 /* SurgaGames.app */ = {isa = PBXFileReference; explicitFileType = wrapper.application; includeInIndex = 0; path = SurgaGames.app; sourceTree = BUILT_PRODUCTS_DIR; };
		021EA5312836026E002B2769 /* AppDelegate.swift */ = {isa = PBXFileReference; lastKnownFileType = sourcecode.swift; path = AppDelegate.swift; sourceTree = "<group>"; };
		021EA5332836026E002B2769 /* SceneDelegate.swift */ = {isa = PBXFileReference; lastKnownFileType = sourcecode.swift; path = SceneDelegate.swift; sourceTree = "<group>"; };
		021EA5352836026E002B2769 /* HomeViewController.swift */ = {isa = PBXFileReference; lastKnownFileType = sourcecode.swift; path = HomeViewController.swift; sourceTree = "<group>"; };
		021EA5382836026E002B2769 /* Base */ = {isa = PBXFileReference; lastKnownFileType = file.storyboard; name = Base; path = Base.lproj/Main.storyboard; sourceTree = "<group>"; };
		021EA53A2836026F002B2769 /* Assets.xcassets */ = {isa = PBXFileReference; lastKnownFileType = folder.assetcatalog; path = Assets.xcassets; sourceTree = "<group>"; };
		021EA53D2836026F002B2769 /* Base */ = {isa = PBXFileReference; lastKnownFileType = file.storyboard; name = Base; path = Base.lproj/LaunchScreen.storyboard; sourceTree = "<group>"; };
		021EA53F2836026F002B2769 /* Info.plist */ = {isa = PBXFileReference; lastKnownFileType = text.plist.xml; path = Info.plist; sourceTree = "<group>"; };
		021EA54C283618E9002B2769 /* CoreDataManager.swift */ = {isa = PBXFileReference; lastKnownFileType = sourcecode.swift; path = CoreDataManager.swift; sourceTree = "<group>"; };
		021EA54E28361DC3002B2769 /* FavouriteModel.swift */ = {isa = PBXFileReference; lastKnownFileType = sourcecode.swift; path = FavouriteModel.swift; sourceTree = "<group>"; };
		021EA55028362711002B2769 /* GameResponse.swift */ = {isa = PBXFileReference; lastKnownFileType = sourcecode.swift; path = GameResponse.swift; sourceTree = "<group>"; };
		021EA55328362730002B2769 /* GameDataModel.xcdatamodel */ = {isa = PBXFileReference; lastKnownFileType = wrapper.xcdatamodel; path = GameDataModel.xcdatamodel; sourceTree = "<group>"; };
		021EA55628362785002B2769 /* ApiServices.swift */ = {isa = PBXFileReference; lastKnownFileType = sourcecode.swift; path = ApiServices.swift; sourceTree = "<group>"; };
		021EA55828362E99002B2769 /* FavouriteViewController.swift */ = {isa = PBXFileReference; lastKnownFileType = sourcecode.swift; path = FavouriteViewController.swift; sourceTree = "<group>"; };
		021EA55A28362EA7002B2769 /* ProfileViewController.swift */ = {isa = PBXFileReference; lastKnownFileType = sourcecode.swift; path = ProfileViewController.swift; sourceTree = "<group>"; };
		021EA55C28363E57002B2769 /* GameTableViewCell.swift */ = {isa = PBXFileReference; lastKnownFileType = sourcecode.swift; path = GameTableViewCell.swift; sourceTree = "<group>"; };
		022D5A6728422BBA002DE32B /* Genres.swift */ = {isa = PBXFileReference; lastKnownFileType = sourcecode.swift; path = Genres.swift; sourceTree = "<group>"; };
		02333E102840DCF60078E473 /* ImageExtensions.swift */ = {isa = PBXFileReference; lastKnownFileType = sourcecode.swift; path = ImageExtensions.swift; sourceTree = "<group>"; };
		029908E528573C9D00AB41E6 /* FavouriteTableViewCell.swift */ = {isa = PBXFileReference; lastKnownFileType = sourcecode.swift; path = FavouriteTableViewCell.swift; sourceTree = "<group>"; };
		02F77CF72840A69B00F11F96 /* DetailGameViewController.swift */ = {isa = PBXFileReference; lastKnownFileType = sourcecode.swift; path = DetailGameViewController.swift; sourceTree = "<group>"; };
		02F77CF92840AF0800F11F96 /* GameDetailModel.swift */ = {isa = PBXFileReference; lastKnownFileType = sourcecode.swift; path = GameDetailModel.swift; sourceTree = "<group>"; };
/* End PBXFileReference section */

/* Begin PBXFrameworksBuildPhase section */
		021EA52B2836026E002B2769 /* Frameworks */ = {
			isa = PBXFrameworksBuildPhase;
			buildActionMask = 2147483647;
			files = (
			);
			runOnlyForDeploymentPostprocessing = 0;
		};
/* End PBXFrameworksBuildPhase section */

/* Begin PBXGroup section */
		021EA5252836026E002B2769 = {
			isa = PBXGroup;
			children = (
				021EA5302836026E002B2769 /* SurgaGames */,
				021EA52F2836026E002B2769 /* Products */,
			);
			sourceTree = "<group>";
		};
		021EA52F2836026E002B2769 /* Products */ = {
			isa = PBXGroup;
			children = (
				021EA52E2836026E002B2769 /* SurgaGames.app */,
			);
			name = Products;
			sourceTree = "<group>";
		};
		021EA5302836026E002B2769 /* SurgaGames */ = {
			isa = PBXGroup;
			children = (
				025BCB2B2841218500070BC6 /* Extensions */,
				021EA55528362778002B2769 /* WebServices */,
				021EA54B283618CF002B2769 /* Managers */,
				021EA548283602B3002B2769 /* Controller */,
				021EA547283602AB002B2769 /* Models */,
				021EA546283602A5002B2769 /* View */,
				021EA545283602A0002B2769 /* Base */,
				021EA53A2836026F002B2769 /* Assets.xcassets */,
				021EA53F2836026F002B2769 /* Info.plist */,
			);
			path = SurgaGames;
			sourceTree = "<group>";
		};
		021EA545283602A0002B2769 /* Base */ = {
			isa = PBXGroup;
			children = (
				021EA5312836026E002B2769 /* AppDelegate.swift */,
				021EA5332836026E002B2769 /* SceneDelegate.swift */,
			);
			path = Base;
			sourceTree = "<group>";
		};
		021EA546283602A5002B2769 /* View */ = {
			isa = PBXGroup;
			children = (
				021EA5372836026E002B2769 /* Main.storyboard */,
				021EA53C2836026F002B2769 /* LaunchScreen.storyboard */,
				021EA55C28363E57002B2769 /* GameTableViewCell.swift */,
				029908E528573C9D00AB41E6 /* FavouriteTableViewCell.swift */,
			);
			path = View;
			sourceTree = "<group>";
		};
		021EA547283602AB002B2769 /* Models */ = {
			isa = PBXGroup;
			children = (
				021EA54E28361DC3002B2769 /* FavouriteModel.swift */,
				021EA55028362711002B2769 /* GameResponse.swift */,
				021EA55228362730002B2769 /* GameDataModel.xcdatamodeld */,
				02F77CF92840AF0800F11F96 /* GameDetailModel.swift */,
				022D5A6728422BBA002DE32B /* Genres.swift */,
			);
			path = Models;
			sourceTree = "<group>";
		};
		021EA548283602B3002B2769 /* Controller */ = {
			isa = PBXGroup;
			children = (
				021EA5352836026E002B2769 /* HomeViewController.swift */,
				021EA55828362E99002B2769 /* FavouriteViewController.swift */,
				021EA55A28362EA7002B2769 /* ProfileViewController.swift */,
				02F77CF72840A69B00F11F96 /* DetailGameViewController.swift */,
			);
			path = Controller;
			sourceTree = "<group>";
		};
		021EA54B283618CF002B2769 /* Managers */ = {
			isa = PBXGroup;
			children = (
				021EA54C283618E9002B2769 /* CoreDataManager.swift */,
			);
			path = Managers;
			sourceTree = "<group>";
		};
		021EA55528362778002B2769 /* WebServices */ = {
			isa = PBXGroup;
			children = (
				021EA55628362785002B2769 /* ApiServices.swift */,
			);
			path = WebServices;
			sourceTree = "<group>";
		};
		025BCB2B2841218500070BC6 /* Extensions */ = {
			isa = PBXGroup;
			children = (
				02333E102840DCF60078E473 /* ImageExtensions.swift */,
			);
			path = Extensions;
			sourceTree = "<group>";
		};
/* End PBXGroup section */

/* Begin PBXNativeTarget section */
		021EA52D2836026E002B2769 /* SurgaGames */ = {
			isa = PBXNativeTarget;
			buildConfigurationList = 021EA5422836026F002B2769 /* Build configuration list for PBXNativeTarget "SurgaGames" */;
			buildPhases = (
				021EA52A2836026E002B2769 /* Sources */,
				021EA52B2836026E002B2769 /* Frameworks */,
				021EA52C2836026E002B2769 /* Resources */,
			);
			buildRules = (
			);
			dependencies = (
			);
			name = SurgaGames;
			productName = SurgaGames;
			productReference = 021EA52E2836026E002B2769 /* SurgaGames.app */;
			productType = "com.apple.product-type.application";
		};
/* End PBXNativeTarget section */

/* Begin PBXProject section */
		021EA5262836026E002B2769 /* Project object */ = {
			isa = PBXProject;
			attributes = {
				BuildIndependentTargetsInParallel = 1;
				LastSwiftUpdateCheck = 1330;
				LastUpgradeCheck = 1330;
				TargetAttributes = {
					021EA52D2836026E002B2769 = {
						CreatedOnToolsVersion = 13.3.1;
					};
				};
			};
			buildConfigurationList = 021EA5292836026E002B2769 /* Build configuration list for PBXProject "SurgaGames" */;
			compatibilityVersion = "Xcode 13.0";
			developmentRegion = en;
			hasScannedForEncodings = 0;
			knownRegions = (
				en,
				Base,
			);
			mainGroup = 021EA5252836026E002B2769;
			productRefGroup = 021EA52F2836026E002B2769 /* Products */;
			projectDirPath = "";
			projectRoot = "";
			targets = (
				021EA52D2836026E002B2769 /* SurgaGames */,
			);
		};
/* End PBXProject section */

/* Begin PBXResourcesBuildPhase section */
		021EA52C2836026E002B2769 /* Resources */ = {
			isa = PBXResourcesBuildPhase;
			buildActionMask = 2147483647;
			files = (
				021EA53E2836026F002B2769 /* LaunchScreen.storyboard in Resources */,
				021EA53B2836026F002B2769 /* Assets.xcassets in Resources */,
				021EA5392836026E002B2769 /* Main.storyboard in Resources */,
			);
			runOnlyForDeploymentPostprocessing = 0;
		};
/* End PBXResourcesBuildPhase section */

/* Begin PBXSourcesBuildPhase section */
		021EA52A2836026E002B2769 /* Sources */ = {
			isa = PBXSourcesBuildPhase;
			buildActionMask = 2147483647;
			files = (
				021EA5362836026E002B2769 /* HomeViewController.swift in Sources */,
				029908E628573C9D00AB41E6 /* FavouriteTableViewCell.swift in Sources */,
				021EA5322836026E002B2769 /* AppDelegate.swift in Sources */,
				021EA55B28362EA7002B2769 /* ProfileViewController.swift in Sources */,
				021EA55728362785002B2769 /* ApiServices.swift in Sources */,
				021EA55128362711002B2769 /* GameResponse.swift in Sources */,
				02333E112840DCF60078E473 /* ImageExtensions.swift in Sources */,
				02F77CF82840A69B00F11F96 /* DetailGameViewController.swift in Sources */,
				021EA55928362E99002B2769 /* FavouriteViewController.swift in Sources */,
				021EA55D28363E57002B2769 /* GameTableViewCell.swift in Sources */,
				021EA54D283618E9002B2769 /* CoreDataManager.swift in Sources */,
				021EA54F28361DC3002B2769 /* FavouriteModel.swift in Sources */,
				022D5A6828422BBA002DE32B /* Genres.swift in Sources */,
				02F77CFA2840AF0800F11F96 /* GameDetailModel.swift in Sources */,
				021EA5342836026E002B2769 /* SceneDelegate.swift in Sources */,
				021EA55428362730002B2769 /* GameDataModel.xcdatamodeld in Sources */,
			);
			runOnlyForDeploymentPostprocessing = 0;
		};
/* End PBXSourcesBuildPhase section */

/* Begin PBXVariantGroup section */
		021EA5372836026E002B2769 /* Main.storyboard */ = {
			isa = PBXVariantGroup;
			children = (
				021EA5382836026E002B2769 /* Base */,
			);
			name = Main.storyboard;
			sourceTree = "<group>";
		};
		021EA53C2836026F002B2769 /* LaunchScreen.storyboard */ = {
			isa = PBXVariantGroup;
			children = (
				021EA53D2836026F002B2769 /* Base */,
			);
			name = LaunchScreen.storyboard;
			sourceTree = "<group>";
		};
/* End PBXVariantGroup section */

/* Begin XCBuildConfiguration section */
		021EA5402836026F002B2769 /* Debug */ = {
			isa = XCBuildConfiguration;
			buildSettings = {
				ALWAYS_SEARCH_USER_PATHS = NO;
				CLANG_ANALYZER_NONNULL = YES;
				CLANG_ANALYZER_NUMBER_OBJECT_CONVERSION = YES_AGGRESSIVE;
				CLANG_CXX_LANGUAGE_STANDARD = "gnu++17";
				CLANG_ENABLE_MODULES = YES;
				CLANG_ENABLE_OBJC_ARC = YES;
				CLANG_ENABLE_OBJC_WEAK = YES;
				CLANG_WARN_BLOCK_CAPTURE_AUTORELEASING = YES;
				CLANG_WARN_BOOL_CONVERSION = YES;
				CLANG_WARN_COMMA = YES;
				CLANG_WARN_CONSTANT_CONVERSION = YES;
				CLANG_WARN_DEPRECATED_OBJC_IMPLEMENTATIONS = YES;
				CLANG_WARN_DIRECT_OBJC_ISA_USAGE = YES_ERROR;
				CLANG_WARN_DOCUMENTATION_COMMENTS = YES;
				CLANG_WARN_EMPTY_BODY = YES;
				CLANG_WARN_ENUM_CONVERSION = YES;
				CLANG_WARN_INFINITE_RECURSION = YES;
				CLANG_WARN_INT_CONVERSION = YES;
				CLANG_WARN_NON_LITERAL_NULL_CONVERSION = YES;
				CLANG_WARN_OBJC_IMPLICIT_RETAIN_SELF = YES;
				CLANG_WARN_OBJC_LITERAL_CONVERSION = YES;
				CLANG_WARN_OBJC_ROOT_CLASS = YES_ERROR;
				CLANG_WARN_QUOTED_INCLUDE_IN_FRAMEWORK_HEADER = YES;
				CLANG_WARN_RANGE_LOOP_ANALYSIS = YES;
				CLANG_WARN_STRICT_PROTOTYPES = YES;
				CLANG_WARN_SUSPICIOUS_MOVE = YES;
				CLANG_WARN_UNGUARDED_AVAILABILITY = YES_AGGRESSIVE;
				CLANG_WARN_UNREACHABLE_CODE = YES;
				CLANG_WARN__DUPLICATE_METHOD_MATCH = YES;
				COPY_PHASE_STRIP = NO;
				DEBUG_INFORMATION_FORMAT = dwarf;
				ENABLE_STRICT_OBJC_MSGSEND = YES;
				ENABLE_TESTABILITY = YES;
				GCC_C_LANGUAGE_STANDARD = gnu11;
				GCC_DYNAMIC_NO_PIC = NO;
				GCC_NO_COMMON_BLOCKS = YES;
				GCC_OPTIMIZATION_LEVEL = 0;
				GCC_PREPROCESSOR_DEFINITIONS = (
					"DEBUG=1",
					"$(inherited)",
				);
				GCC_WARN_64_TO_32_BIT_CONVERSION = YES;
				GCC_WARN_ABOUT_RETURN_TYPE = YES_ERROR;
				GCC_WARN_UNDECLARED_SELECTOR = YES;
				GCC_WARN_UNINITIALIZED_AUTOS = YES_AGGRESSIVE;
				GCC_WARN_UNUSED_FUNCTION = YES;
				GCC_WARN_UNUSED_VARIABLE = YES;
				IPHONEOS_DEPLOYMENT_TARGET = 15.4;
				MTL_ENABLE_DEBUG_INFO = INCLUDE_SOURCE;
				MTL_FAST_MATH = YES;
				ONLY_ACTIVE_ARCH = YES;
				SDKROOT = iphoneos;
				SWIFT_ACTIVE_COMPILATION_CONDITIONS = DEBUG;
				SWIFT_OPTIMIZATION_LEVEL = "-Onone";
			};
			name = Debug;
		};
		021EA5412836026F002B2769 /* Release */ = {
			isa = XCBuildConfiguration;
			buildSettings = {
				ALWAYS_SEARCH_USER_PATHS = NO;
				CLANG_ANALYZER_NONNULL = YES;
				CLANG_ANALYZER_NUMBER_OBJECT_CONVERSION = YES_AGGRESSIVE;
				CLANG_CXX_LANGUAGE_STANDARD = "gnu++17";
				CLANG_ENABLE_MODULES = YES;
				CLANG_ENABLE_OBJC_ARC = YES;
				CLANG_ENABLE_OBJC_WEAK = YES;
				CLANG_WARN_BLOCK_CAPTURE_AUTORELEASING = YES;
				CLANG_WARN_BOOL_CONVERSION = YES;
				CLANG_WARN_COMMA = YES;
				CLANG_WARN_CONSTANT_CONVERSION = YES;
				CLANG_WARN_DEPRECATED_OBJC_IMPLEMENTATIONS = YES;
				CLANG_WARN_DIRECT_OBJC_ISA_USAGE = YES_ERROR;
				CLANG_WARN_DOCUMENTATION_COMMENTS = YES;
				CLANG_WARN_EMPTY_BODY = YES;
				CLANG_WARN_ENUM_CONVERSION = YES;
				CLANG_WARN_INFINITE_RECURSION = YES;
				CLANG_WARN_INT_CONVERSION = YES;
				CLANG_WARN_NON_LITERAL_NULL_CONVERSION = YES;
				CLANG_WARN_OBJC_IMPLICIT_RETAIN_SELF = YES;
				CLANG_WARN_OBJC_LITERAL_CONVERSION = YES;
				CLANG_WARN_OBJC_ROOT_CLASS = YES_ERROR;
				CLANG_WARN_QUOTED_INCLUDE_IN_FRAMEWORK_HEADER = YES;
				CLANG_WARN_RANGE_LOOP_ANALYSIS = YES;
				CLANG_WARN_STRICT_PROTOTYPES = YES;
				CLANG_WARN_SUSPICIOUS_MOVE = YES;
				CLANG_WARN_UNGUARDED_AVAILABILITY = YES_AGGRESSIVE;
				CLANG_WARN_UNREACHABLE_CODE = YES;
				CLANG_WARN__DUPLICATE_METHOD_MATCH = YES;
				COPY_PHASE_STRIP = NO;
				DEBUG_INFORMATION_FORMAT = "dwarf-with-dsym";
				ENABLE_NS_ASSERTIONS = NO;
				ENABLE_STRICT_OBJC_MSGSEND = YES;
				GCC_C_LANGUAGE_STANDARD = gnu11;
				GCC_NO_COMMON_BLOCKS = YES;
				GCC_WARN_64_TO_32_BIT_CONVERSION = YES;
				GCC_WARN_ABOUT_RETURN_TYPE = YES_ERROR;
				GCC_WARN_UNDECLARED_SELECTOR = YES;
				GCC_WARN_UNINITIALIZED_AUTOS = YES_AGGRESSIVE;
				GCC_WARN_UNUSED_FUNCTION = YES;
				GCC_WARN_UNUSED_VARIABLE = YES;
				IPHONEOS_DEPLOYMENT_TARGET = 15.4;
				MTL_ENABLE_DEBUG_INFO = NO;
				MTL_FAST_MATH = YES;
				SDKROOT = iphoneos;
				SWIFT_COMPILATION_MODE = wholemodule;
				SWIFT_OPTIMIZATION_LEVEL = "-O";
				VALIDATE_PRODUCT = YES;
			};
			name = Release;
		};
		021EA5432836026F002B2769 /* Debug */ = {
			isa = XCBuildConfiguration;
			buildSettings = {
				ASSETCATALOG_COMPILER_APPICON_NAME = AppIcon;
				ASSETCATALOG_COMPILER_GLOBAL_ACCENT_COLOR_NAME = AccentColor;
				CODE_SIGN_STYLE = Automatic;
				CURRENT_PROJECT_VERSION = 1;
				DEVELOPMENT_TEAM = 8A3GN3FCGF;
				GENERATE_INFOPLIST_FILE = YES;
				INFOPLIST_FILE = SurgaGames/Info.plist;
				INFOPLIST_KEY_UIApplicationSupportsIndirectInputEvents = YES;
				INFOPLIST_KEY_UILaunchStoryboardName = LaunchScreen;
				INFOPLIST_KEY_UIMainStoryboardFile = Main;
				INFOPLIST_KEY_UISupportedInterfaceOrientations_iPad = "UIInterfaceOrientationPortrait UIInterfaceOrientationPortraitUpsideDown UIInterfaceOrientationLandscapeLeft UIInterfaceOrientationLandscapeRight";
				INFOPLIST_KEY_UISupportedInterfaceOrientations_iPhone = "UIInterfaceOrientationPortrait UIInterfaceOrientationLandscapeLeft UIInterfaceOrientationLandscapeRight";
				IPHONEOS_DEPLOYMENT_TARGET = 15.0;
				LD_RUNPATH_SEARCH_PATHS = (
					"$(inherited)",
					"@executable_path/Frameworks",
				);
				MARKETING_VERSION = 1.0;
				PRODUCT_BUNDLE_IDENTIFIER = ios.farhanmzr.academy.SurgaGames;
				PRODUCT_NAME = "$(TARGET_NAME)";
				SWIFT_EMIT_LOC_STRINGS = YES;
				SWIFT_VERSION = 5.0;
				TARGETED_DEVICE_FAMILY = "1,2";
			};
			name = Debug;
		};
		021EA5442836026F002B2769 /* Release */ = {
			isa = XCBuildConfiguration;
			buildSettings = {
				ASSETCATALOG_COMPILER_APPICON_NAME = AppIcon;
				ASSETCATALOG_COMPILER_GLOBAL_ACCENT_COLOR_NAME = AccentColor;
				CODE_SIGN_STYLE = Automatic;
				CURRENT_PROJECT_VERSION = 1;
				DEVELOPMENT_TEAM = 8A3GN3FCGF;
				GENERATE_INFOPLIST_FILE = YES;
				INFOPLIST_FILE = SurgaGames/Info.plist;
				INFOPLIST_KEY_UIApplicationSupportsIndirectInputEvents = YES;
				INFOPLIST_KEY_UILaunchStoryboardName = LaunchScreen;
				INFOPLIST_KEY_UIMainStoryboardFile = Main;
				INFOPLIST_KEY_UISupportedInterfaceOrientations_iPad = "UIInterfaceOrientationPortrait UIInterfaceOrientationPortraitUpsideDown UIInterfaceOrientationLandscapeLeft UIInterfaceOrientationLandscapeRight";
				INFOPLIST_KEY_UISupportedInterfaceOrientations_iPhone = "UIInterfaceOrientationPortrait UIInterfaceOrientationLandscapeLeft UIInterfaceOrientationLandscapeRight";
				IPHONEOS_DEPLOYMENT_TARGET = 15.0;
				LD_RUNPATH_SEARCH_PATHS = (
					"$(inherited)",
					"@executable_path/Frameworks",
				);
				MARKETING_VERSION = 1.0;
				PRODUCT_BUNDLE_IDENTIFIER = ios.farhanmzr.academy.SurgaGames;
				PRODUCT_NAME = "$(TARGET_NAME)";
				SWIFT_EMIT_LOC_STRINGS = YES;
				SWIFT_VERSION = 5.0;
				TARGETED_DEVICE_FAMILY = "1,2";
			};
			name = Release;
		};
/* End XCBuildConfiguration section */

/* Begin XCConfigurationList section */
		021EA5292836026E002B2769 /* Build configuration list for PBXProject "SurgaGames" */ = {
			isa = XCConfigurationList;
			buildConfigurations = (
				021EA5402836026F002B2769 /* Debug */,
				021EA5412836026F002B2769 /* Release */,
			);
			defaultConfigurationIsVisible = 0;
			defaultConfigurationName = Release;
		};
		021EA5422836026F002B2769 /* Build configuration list for PBXNativeTarget "SurgaGames" */ = {
			isa = XCConfigurationList;
			buildConfigurations = (
				021EA5432836026F002B2769 /* Debug */,
				021EA5442836026F002B2769 /* Release */,
			);
			defaultConfigurationIsVisible = 0;
			defaultConfigurationName = Release;
		};
/* End XCConfigurationList section */

/* Begin XCVersionGroup section */
		021EA55228362730002B2769 /* GameDataModel.xcdatamodeld */ = {
			isa = XCVersionGroup;
			children = (
				021EA55328362730002B2769 /* GameDataModel.xcdatamodel */,
			);
			currentVersion = 021EA55328362730002B2769 /* GameDataModel.xcdatamodel */;
			path = GameDataModel.xcdatamodeld;
			sourceTree = "<group>";
			versionGroupType = wrapper.xcdatamodel;
		};
/* End XCVersionGroup section */
	};
	rootObject = 021EA5262836026E002B2769 /* Project object */;
}
